
Microsoft Visual Studio Solution File, Format Version 12.00
# Visual Studio Version 17
VisualStudioVersion = 17.7.34024.191
MinimumVisualStudioVersion = 10.0.40219.1
Project("{FAE04EC0-301F-11D3-BF4B-00C04F79EFBC}") = "TestNaSkoropec", "TestNaSkoropec\TestNaSkoropec.csproj", "{F394A548-6539-4126-9CD8-B24F0FCBE282}"
EndProject
Global
	GlobalSection(SolutionConfigurationPlatforms) = preSolution
		Debug|Any CPU = Debug|Any CPU
		Release|Any CPU = Release|Any CPU
	EndGlobalSection
	GlobalSection(ProjectConfigurationPlatforms) = postSolution
		{F394A548-6539-4126-9CD8-B24F0FCBE282}.Debug|Any CPU.ActiveCfg = Debug|Any CPU
		{F394A548-6539-4126-9CD8-B24F0FCBE282}.Debug|Any CPU.Build.0 = Debug|Any CPU
		{F394A548-6539-4126-9CD8-B24F0FCBE282}.Release|Any CPU.ActiveCfg = Release|Any CPU
		{F394A548-6539-4126-9CD8-B24F0FCBE282}.Release|Any CPU.Build.0 = Release|Any CPU
	EndGlobalSection
	GlobalSection(SolutionProperties) = preSolution
		HideSolutionNode = FALSE
	EndGlobalSection
	GlobalSection(ExtensibilityGlobals) = postSolution
		SolutionGuid = {6EEA0AC7-6F5C-427D-AE01-A08759D71F50}
	EndGlobalSection
EndGlobal
